
Microsoft Visual Studio Solution File, Format Version 12.00
# Visual Studio 15
VisualStudioVersion = 15.0.28010.2003
MinimumVisualStudioVersion = 10.0.40219.1
Project("{FAE04EC0-301F-11D3-BF4B-00C04F79EFBC}") = "DAL", "DAL\DAL.csproj", "{51433685-3732-4A23-8652-5330D09FDD9B}"
EndProject
Project("{FAE04EC0-301F-11D3-BF4B-00C04F79EFBC}") = "BLL", "BLL\BLL.csproj", "{3DF23D74-5606-4D57-B31E-EC80B07AAC5B}"
EndProject
Project("{FAE04EC0-301F-11D3-BF4B-00C04F79EFBC}") = "Model", "Model\Model.csproj", "{77979BAD-4935-4E31-9544-3D11C75A59B3}"
EndProject
Project("{FAE04EC0-301F-11D3-BF4B-00C04F79EFBC}") = "PresentationLayer", "PresentationLayer\PresentationLayer.csproj", "{291D0C07-63BE-48F0-8B1C-ACAE8EA59C04}"
EndProject
Global
	GlobalSection(SolutionConfigurationPlatforms) = preSolution
		Debug|Any CPU = Debug|Any CPU
		Release|Any CPU = Release|Any CPU
	EndGlobalSection
	GlobalSection(ProjectConfigurationPlatforms) = postSolution
		{51433685-3732-4A23-8652-5330D09FDD9B}.Debug|Any CPU.ActiveCfg = Debug|Any CPU
		{51433685-3732-4A23-8652-5330D09FDD9B}.Debug|Any CPU.Build.0 = Debug|Any CPU
		{51433685-3732-4A23-8652-5330D09FDD9B}.Release|Any CPU.ActiveCfg = Release|Any CPU
		{51433685-3732-4A23-8652-5330D09FDD9B}.Release|Any CPU.Build.0 = Release|Any CPU
		{3DF23D74-5606-4D57-B31E-EC80B07AAC5B}.Debug|Any CPU.ActiveCfg = Debug|Any CPU
		{3DF23D74-5606-4D57-B31E-EC80B07AAC5B}.Debug|Any CPU.Build.0 = Debug|Any CPU
		{3DF23D74-5606-4D57-B31E-EC80B07AAC5B}.Release|Any CPU.ActiveCfg = Release|Any CPU
		{3DF23D74-5606-4D57-B31E-EC80B07AAC5B}.Release|Any CPU.Build.0 = Release|Any CPU
		{77979BAD-4935-4E31-9544-3D11C75A59B3}.Debug|Any CPU.ActiveCfg = Debug|Any CPU
		{77979BAD-4935-4E31-9544-3D11C75A59B3}.Debug|Any CPU.Build.0 = Debug|Any CPU
		{77979BAD-4935-4E31-9544-3D11C75A59B3}.Release|Any CPU.ActiveCfg = Release|Any CPU
		{77979BAD-4935-4E31-9544-3D11C75A59B3}.Release|Any CPU.Build.0 = Release|Any CPU
		{291D0C07-63BE-48F0-8B1C-ACAE8EA59C04}.Debug|Any CPU.ActiveCfg = Debug|Any CPU
		{291D0C07-63BE-48F0-8B1C-ACAE8EA59C04}.Debug|Any CPU.Build.0 = Debug|Any CPU
		{291D0C07-63BE-48F0-8B1C-ACAE8EA59C04}.Release|Any CPU.ActiveCfg = Release|Any CPU
		{291D0C07-63BE-48F0-8B1C-ACAE8EA59C04}.Release|Any CPU.Build.0 = Release|Any CPU
	EndGlobalSection
	GlobalSection(SolutionProperties) = preSolution
		HideSolutionNode = FALSE
	EndGlobalSection
	GlobalSection(ExtensibilityGlobals) = postSolution
		SolutionGuid = {C0BBBE86-CB6E-4BEF-BA3A-E26E40498A79}
	EndGlobalSection
EndGlobal
